
Microsoft Visual Studio Solution File, Format Version 12.00
# Visual Studio Version 17
VisualStudioVersion = 17.14.36109.1
MinimumVisualStudioVersion = 10.0.40219.1
Project("{FAE04EC0-301F-11D3-BF4B-00C04F79EFBC}") = "TrainDataStructure", "TrainDataStructure\TrainDataStructure.csproj", "{FEB2BA96-1C8B-4E51-ADE7-1EFBB4917962}"
EndProject
Project("{2150E333-8FDC-42A3-9474-1A3956D46DE8}") = "Solution Items", "Solution Items", "{02EA681E-C7D8-13C7-8484-4AC65E1B71E8}"
	ProjectSection(SolutionItems) = preProject
		.editorconfig = .editorconfig
		.gitignore = .gitignore
	EndProjectSection
EndProject
Project("{FAE04EC0-301F-11D3-BF4B-00C04F79EFBC}") = "TrainExplorer", "TrainExplorer\TrainExplorer.csproj", "{C463A81D-6519-44F3-A3F1-03EB1BBF03EF}"
EndProject
Project("{FAE04EC0-301F-11D3-BF4B-00C04F79EFBC}") = "TrainTester", "TrainTester\TrainTester.csproj", "{9E2EE822-689F-4217-87F9-434B28BC147F}"
EndProject
Global
	GlobalSection(SolutionConfigurationPlatforms) = preSolution
		Debug|Any CPU = Debug|Any CPU
		Release|Any CPU = Release|Any CPU
	EndGlobalSection
	GlobalSection(ProjectConfigurationPlatforms) = postSolution
		{FEB2BA96-1C8B-4E51-ADE7-1EFBB4917962}.Debug|Any CPU.ActiveCfg = Debug|Any CPU
		{FEB2BA96-1C8B-4E51-ADE7-1EFBB4917962}.Debug|Any CPU.Build.0 = Debug|Any CPU
		{FEB2BA96-1C8B-4E51-ADE7-1EFBB4917962}.Release|Any CPU.ActiveCfg = Release|Any CPU
		{FEB2BA96-1C8B-4E51-ADE7-1EFBB4917962}.Release|Any CPU.Build.0 = Release|Any CPU
		{C463A81D-6519-44F3-A3F1-03EB1BBF03EF}.Debug|Any CPU.ActiveCfg = Debug|Any CPU
		{C463A81D-6519-44F3-A3F1-03EB1BBF03EF}.Debug|Any CPU.Build.0 = Debug|Any CPU
		{C463A81D-6519-44F3-A3F1-03EB1BBF03EF}.Release|Any CPU.ActiveCfg = Release|Any CPU
		{C463A81D-6519-44F3-A3F1-03EB1BBF03EF}.Release|Any CPU.Build.0 = Release|Any CPU
		{9E2EE822-689F-4217-87F9-434B28BC147F}.Debug|Any CPU.ActiveCfg = Debug|Any CPU
		{9E2EE822-689F-4217-87F9-434B28BC147F}.Debug|Any CPU.Build.0 = Debug|Any CPU
		{9E2EE822-689F-4217-87F9-434B28BC147F}.Release|Any CPU.ActiveCfg = Release|Any CPU
		{9E2EE822-689F-4217-87F9-434B28BC147F}.Release|Any CPU.Build.0 = Release|Any CPU
	EndGlobalSection
	GlobalSection(SolutionProperties) = preSolution
		HideSolutionNode = FALSE
	EndGlobalSection
	GlobalSection(ExtensibilityGlobals) = postSolution
		SolutionGuid = {1F627D2C-D3D5-4747-A57E-4844A95B78AD}
	EndGlobalSection
EndGlobal
